// !$*UTF8*$!
{
	archiveVersion = 1;
	classes = {
	};
	objectVersion = 50;
	objects = {

/* Begin PBXBuildFile section */
		18082DC324BCD4D9002DA47B /* TOOLBarView.swift in Sources */ = {isa = PBXBuildFile; fileRef = 18082DC224BCD4D9002DA47B /* TOOLBarView.swift */; };
		18082DC524BCF542002DA47B /* SectionViews.swift in Sources */ = {isa = PBXBuildFile; fileRef = 18082DC424BCF542002DA47B /* SectionViews.swift */; };
		18082DCA24BD03D8002DA47B /* LoveTab.swift in Sources */ = {isa = PBXBuildFile; fileRef = 18082DC924BD03D8002DA47B /* LoveTab.swift */; };
		182E6E7B24C0D5520040FE7B /* ModelLove.swift in Sources */ = {isa = PBXBuildFile; fileRef = 182E6E7A24C0D5520040FE7B /* ModelLove.swift */; };
		1832DE1E24BB3CBD009726CF /* AddStatusButton.swift in Sources */ = {isa = PBXBuildFile; fileRef = 1832DE1D24BB3CBD009726CF /* AddStatusButton.swift */; };
		1832DE1F24BB3CBD009726CF /* AddStatusButton.swift in Sources */ = {isa = PBXBuildFile; fileRef = 1832DE1D24BB3CBD009726CF /* AddStatusButton.swift */; };
		1832DE2124BB580C009726CF /* SearchBar.swift in Sources */ = {isa = PBXBuildFile; fileRef = 1832DE2024BB580C009726CF /* SearchBar.swift */; };
		1832DE2224BB580C009726CF /* SearchBar.swift in Sources */ = {isa = PBXBuildFile; fileRef = 1832DE2024BB580C009726CF /* SearchBar.swift */; };
		1876FFCA24B7B6CE00B08E2B /* Tests_iOS.swift in Sources */ = {isa = PBXBuildFile; fileRef = 1876FFC924B7B6CE00B08E2B /* Tests_iOS.swift */; };
		1876FFD524B7B6CE00B08E2B /* Tests_macOS.swift in Sources */ = {isa = PBXBuildFile; fileRef = 1876FFD424B7B6CE00B08E2B /* Tests_macOS.swift */; };
		1876FFD724B7B6CE00B08E2B /* SwiftUI2App.swift in Sources */ = {isa = PBXBuildFile; fileRef = 1876FFAE24B7B6CE00B08E2B /* SwiftUI2App.swift */; };
		1876FFD824B7B6CE00B08E2B /* SwiftUI2App.swift in Sources */ = {isa = PBXBuildFile; fileRef = 1876FFAE24B7B6CE00B08E2B /* SwiftUI2App.swift */; };
		1876FFDB24B7B6CE00B08E2B /* Assets.xcassets in Resources */ = {isa = PBXBuildFile; fileRef = 1876FFB024B7B6CE00B08E2B /* Assets.xcassets */; };
		1876FFDC24B7B6CE00B08E2B /* Assets.xcassets in Resources */ = {isa = PBXBuildFile; fileRef = 1876FFB024B7B6CE00B08E2B /* Assets.xcassets */; };
		1876FFF124B7B73C00B08E2B /* InstaView.swift in Sources */ = {isa = PBXBuildFile; fileRef = 1876FFEB24B7B73C00B08E2B /* InstaView.swift */; };
		1876FFF224B7B73C00B08E2B /* InstaView.swift in Sources */ = {isa = PBXBuildFile; fileRef = 1876FFEB24B7B73C00B08E2B /* InstaView.swift */; };
		1876FFF524B7B73C00B08E2B /* StoryView.swift in Sources */ = {isa = PBXBuildFile; fileRef = 1876FFED24B7B73C00B08E2B /* StoryView.swift */; };
		1876FFF624B7B73C00B08E2B /* StoryView.swift in Sources */ = {isa = PBXBuildFile; fileRef = 1876FFED24B7B73C00B08E2B /* StoryView.swift */; };
		1876FFF724B7B73C00B08E2B /* Image+.swift in Sources */ = {isa = PBXBuildFile; fileRef = 1876FFEE24B7B73C00B08E2B /* Image+.swift */; };
		1876FFF824B7B73C00B08E2B /* Image+.swift in Sources */ = {isa = PBXBuildFile; fileRef = 1876FFEE24B7B73C00B08E2B /* Image+.swift */; };
		1876FFF924B7B73C00B08E2B /* Post.swift in Sources */ = {isa = PBXBuildFile; fileRef = 1876FFEF24B7B73C00B08E2B /* Post.swift */; };
		1876FFFA24B7B73C00B08E2B /* Post.swift in Sources */ = {isa = PBXBuildFile; fileRef = 1876FFEF24B7B73C00B08E2B /* Post.swift */; };
		1876FFFB24B7B73C00B08E2B /* PostView.swift in Sources */ = {isa = PBXBuildFile; fileRef = 1876FFF024B7B73C00B08E2B /* PostView.swift */; };
		1876FFFC24B7B73C00B08E2B /* PostView.swift in Sources */ = {isa = PBXBuildFile; fileRef = 1876FFF024B7B73C00B08E2B /* PostView.swift */; };
		1876FFFE24B7B7B300B08E2B /* ContentView.swift in Sources */ = {isa = PBXBuildFile; fileRef = 1876FFFD24B7B7B300B08E2B /* ContentView.swift */; };
		1876FFFF24B7B7B300B08E2B /* ContentView.swift in Sources */ = {isa = PBXBuildFile; fileRef = 1876FFFD24B7B7B300B08E2B /* ContentView.swift */; };
		1894CC9424C45D320096A132 /* MacOSSearch1.png in Resources */ = {isa = PBXBuildFile; fileRef = 1894CC7D24C45D320096A132 /* MacOSSearch1.png */; };
		1894CC9524C45D320096A132 /* iPhoneHome.png in Resources */ = {isa = PBXBuildFile; fileRef = 1894CC7E24C45D320096A132 /* iPhoneHome.png */; };
		1894CC9624C45D320096A132 /* MacOsProfile2.png in Resources */ = {isa = PBXBuildFile; fileRef = 1894CC7F24C45D320096A132 /* MacOsProfile2.png */; };
		1894CC9724C45D320096A132 /* MacOSHome.png in Resources */ = {isa = PBXBuildFile; fileRef = 1894CC8024C45D320096A132 /* MacOSHome.png */; };
		1894CC9824C45D320096A132 /* iPadAdd1.png in Resources */ = {isa = PBXBuildFile; fileRef = 1894CC8124C45D320096A132 /* iPadAdd1.png */; };
		1894CC9924C45D320096A132 /* MacOSLove1.png in Resources */ = {isa = PBXBuildFile; fileRef = 1894CC8224C45D320096A132 /* MacOSLove1.png */; };
		1894CC9A24C45D320096A132 /* iPhoneLove4.png in Resources */ = {isa = PBXBuildFile; fileRef = 1894CC8324C45D320096A132 /* iPhoneLove4.png */; };
		1894CC9B24C45D320096A132 /* iPadLove1.png in Resources */ = {isa = PBXBuildFile; fileRef = 1894CC8424C45D320096A132 /* iPadLove1.png */; };
		1894CC9C24C45D320096A132 /* WholeOS.png in Resources */ = {isa = PBXBuildFile; fileRef = 1894CC8524C45D320096A132 /* WholeOS.png */; };
		1894CC9D24C45D320096A132 /* iPhoneLove3.png in Resources */ = {isa = PBXBuildFile; fileRef = 1894CC8624C45D320096A132 /* iPhoneLove3.png */; };
		1894CC9E24C45D320096A132 /* iPadProfile2.png in Resources */ = {isa = PBXBuildFile; fileRef = 1894CC8724C45D320096A132 /* iPadProfile2.png */; };
		1894CCA024C45D320096A132 /* iPhoneSearch3.png in Resources */ = {isa = PBXBuildFile; fileRef = 1894CC8924C45D320096A132 /* iPhoneSearch3.png */; };
		1894CCA124C45D320096A132 /* iPhoneSearch2.png in Resources */ = {isa = PBXBuildFile; fileRef = 1894CC8A24C45D320096A132 /* iPhoneSearch2.png */; };
		1894CCA224C45D320096A132 /* MacOsProfile.png in Resources */ = {isa = PBXBuildFile; fileRef = 1894CC8B24C45D320096A132 /* MacOsProfile.png */; };
		1894CCA324C45D320096A132 /* HackingWithSwiftUI2.mov in Resources */ = {isa = PBXBuildFile; fileRef = 1894CC8C24C45D320096A132 /* HackingWithSwiftUI2.mov */; };
		1894CCA424C45D320096A132 /* iPadSearch2.png in Resources */ = {isa = PBXBuildFile; fileRef = 1894CC8D24C45D320096A132 /* iPadSearch2.png */; };
		1894CCA524C45D320096A132 /* iPadSearch1.png in Resources */ = {isa = PBXBuildFile; fileRef = 1894CC8E24C45D320096A132 /* iPadSearch1.png */; };
		1894CCA624C45D320096A132 /* MacOsSearch.png in Resources */ = {isa = PBXBuildFile; fileRef = 1894CC8F24C45D320096A132 /* MacOsSearch.png */; };
		1894CCA724C45D320096A132 /* iPhoneProfile.png in Resources */ = {isa = PBXBuildFile; fileRef = 1894CC9024C45D320096A132 /* iPhoneProfile.png */; };
		1894CCA824C45D320096A132 /* iPhoneSearch.png in Resources */ = {isa = PBXBuildFile; fileRef = 1894CC9124C45D320096A132 /* iPhoneSearch.png */; };
		1894CCA924C45D320096A132 /* iPadHome.png in Resources */ = {isa = PBXBuildFile; fileRef = 1894CC9224C45D320096A132 /* iPadHome.png */; };
		1894CCAA24C45D320096A132 /* MacOsAdd.png in Resources */ = {isa = PBXBuildFile; fileRef = 1894CC9324C45D320096A132 /* MacOsAdd.png */; };
		1894CCAC24C461440096A132 /* iPhoneAdd.png in Resources */ = {isa = PBXBuildFile; fileRef = 1894CCAB24C461440096A132 /* iPhoneAdd.png */; };
		18988DE924BBA7BB00720D4B /* PlayerView.swift in Sources */ = {isa = PBXBuildFile; fileRef = 18988DE824BBA7BB00720D4B /* PlayerView.swift */; };
		18988DEA24BBA7BB00720D4B /* PlayerView.swift in Sources */ = {isa = PBXBuildFile; fileRef = 18988DE824BBA7BB00720D4B /* PlayerView.swift */; };
		18A5BEFB24C380AD0044559E /* flower.mov in Resources */ = {isa = PBXBuildFile; fileRef = 18A5BEFA24C380AD0044559E /* flower.mov */; };
		18A5BEFC24C380AD0044559E /* flower.mov in Resources */ = {isa = PBXBuildFile; fileRef = 18A5BEFA24C380AD0044559E /* flower.mov */; };
		18C593EE24BE358F004149D0 /* ImagePicker.swift in Sources */ = {isa = PBXBuildFile; fileRef = 18C593ED24BE358F004149D0 /* ImagePicker.swift */; };
		18C593F224BE3769004149D0 /* ImagePickerControlView.swift in Sources */ = {isa = PBXBuildFile; fileRef = 18C593F124BE3769004149D0 /* ImagePickerControlView.swift */; };
		18DF2CF824BC8C0100F3824A /* ProfileView.swift in Sources */ = {isa = PBXBuildFile; fileRef = 18DF2CF724BC8C0100F3824A /* ProfileView.swift */; };
		18DF2CFA24BC8F8400F3824A /* ProfileDesc.swift in Sources */ = {isa = PBXBuildFile; fileRef = 18DF2CF924BC8F8400F3824A /* ProfileDesc.swift */; };
		18F3AD1324BDC78100C5FA48 /* FollowerRequest.swift in Sources */ = {isa = PBXBuildFile; fileRef = 18F3AD1224BDC78100C5FA48 /* FollowerRequest.swift */; };
/* End PBXBuildFile section */

/* Begin PBXContainerItemProxy section */
		1876FFC624B7B6CE00B08E2B /* PBXContainerItemProxy */ = {
			isa = PBXContainerItemProxy;
			containerPortal = 1876FFA924B7B6CD00B08E2B /* Project object */;
			proxyType = 1;
			remoteGlobalIDString = 1876FFB424B7B6CE00B08E2B;
			remoteInfo = "SwiftUI2 (iOS)";
		};
		1876FFD124B7B6CE00B08E2B /* PBXContainerItemProxy */ = {
			isa = PBXContainerItemProxy;
			containerPortal = 1876FFA924B7B6CD00B08E2B /* Project object */;
			proxyType = 1;
			remoteGlobalIDString = 1876FFBC24B7B6CE00B08E2B;
			remoteInfo = "SwiftUI2 (macOS)";
		};
/* End PBXContainerItemProxy section */

/* Begin PBXFileReference section */
		18082DC224BCD4D9002DA47B /* TOOLBarView.swift */ = {isa = PBXFileReference; lastKnownFileType = sourcecode.swift; path = TOOLBarView.swift; sourceTree = "<group>"; };
		18082DC424BCF542002DA47B /* SectionViews.swift */ = {isa = PBXFileReference; lastKnownFileType = sourcecode.swift; path = SectionViews.swift; sourceTree = "<group>"; };
		18082DC924BD03D8002DA47B /* LoveTab.swift */ = {isa = PBXFileReference; lastKnownFileType = sourcecode.swift; path = LoveTab.swift; sourceTree = "<group>"; };
		182E6E7A24C0D5520040FE7B /* ModelLove.swift */ = {isa = PBXFileReference; lastKnownFileType = sourcecode.swift; path = ModelLove.swift; sourceTree = "<group>"; };
		182E6E7C24C0E7B90040FE7B /* SwiftUI2.entitlements */ = {isa = PBXFileReference; lastKnownFileType = text.plist.entitlements; path = SwiftUI2.entitlements; sourceTree = "<group>"; };
		1832DE1D24BB3CBD009726CF /* AddStatusButton.swift */ = {isa = PBXFileReference; lastKnownFileType = sourcecode.swift; path = AddStatusButton.swift; sourceTree = "<group>"; };
		1832DE2024BB580C009726CF /* SearchBar.swift */ = {isa = PBXFileReference; lastKnownFileType = sourcecode.swift; path = SearchBar.swift; sourceTree = "<group>"; };
		1876FFAE24B7B6CE00B08E2B /* SwiftUI2App.swift */ = {isa = PBXFileReference; lastKnownFileType = sourcecode.swift; path = SwiftUI2App.swift; sourceTree = "<group>"; };
		1876FFB024B7B6CE00B08E2B /* Assets.xcassets */ = {isa = PBXFileReference; lastKnownFileType = folder.assetcatalog; path = Assets.xcassets; sourceTree = "<group>"; };
		1876FFB524B7B6CE00B08E2B /* SwiftUI2.app */ = {isa = PBXFileReference; explicitFileType = wrapper.application; includeInIndex = 0; path = SwiftUI2.app; sourceTree = BUILT_PRODUCTS_DIR; };
		1876FFB824B7B6CE00B08E2B /* Info.plist */ = {isa = PBXFileReference; lastKnownFileType = text.plist.xml; path = Info.plist; sourceTree = "<group>"; };
		1876FFBD24B7B6CE00B08E2B /* SwiftUI2.app */ = {isa = PBXFileReference; explicitFileType = wrapper.application; includeInIndex = 0; path = SwiftUI2.app; sourceTree = BUILT_PRODUCTS_DIR; };
		1876FFBF24B7B6CE00B08E2B /* Info.plist */ = {isa = PBXFileReference; lastKnownFileType = text.plist.xml; path = Info.plist; sourceTree = "<group>"; };
		1876FFC024B7B6CE00B08E2B /* macOS.entitlements */ = {isa = PBXFileReference; lastKnownFileType = text.plist.entitlements; path = macOS.entitlements; sourceTree = "<group>"; };
		1876FFC524B7B6CE00B08E2B /* Tests iOS.xctest */ = {isa = PBXFileReference; explicitFileType = wrapper.cfbundle; includeInIndex = 0; path = "Tests iOS.xctest"; sourceTree = BUILT_PRODUCTS_DIR; };
		1876FFC924B7B6CE00B08E2B /* Tests_iOS.swift */ = {isa = PBXFileReference; lastKnownFileType = sourcecode.swift; path = Tests_iOS.swift; sourceTree = "<group>"; };
		1876FFCB24B7B6CE00B08E2B /* Info.plist */ = {isa = PBXFileReference; lastKnownFileType = text.plist.xml; path = Info.plist; sourceTree = "<group>"; };
		1876FFD024B7B6CE00B08E2B /* Tests macOS.xctest */ = {isa = PBXFileReference; explicitFileType = wrapper.cfbundle; includeInIndex = 0; path = "Tests macOS.xctest"; sourceTree = BUILT_PRODUCTS_DIR; };
		1876FFD424B7B6CE00B08E2B /* Tests_macOS.swift */ = {isa = PBXFileReference; lastKnownFileType = sourcecode.swift; path = Tests_macOS.swift; sourceTree = "<group>"; };
		1876FFD624B7B6CE00B08E2B /* Info.plist */ = {isa = PBXFileReference; lastKnownFileType = text.plist.xml; path = Info.plist; sourceTree = "<group>"; };
		1876FFEB24B7B73C00B08E2B /* InstaView.swift */ = {isa = PBXFileReference; fileEncoding = 4; lastKnownFileType = sourcecode.swift; path = InstaView.swift; sourceTree = "<group>"; };
		1876FFED24B7B73C00B08E2B /* StoryView.swift */ = {isa = PBXFileReference; fileEncoding = 4; lastKnownFileType = sourcecode.swift; path = StoryView.swift; sourceTree = "<group>"; };
		1876FFEE24B7B73C00B08E2B /* Image+.swift */ = {isa = PBXFileReference; fileEncoding = 4; lastKnownFileType = sourcecode.swift; path = "Image+.swift"; sourceTree = "<group>"; };
		1876FFEF24B7B73C00B08E2B /* Post.swift */ = {isa = PBXFileReference; fileEncoding = 4; lastKnownFileType = sourcecode.swift; path = Post.swift; sourceTree = "<group>"; };
		1876FFF024B7B73C00B08E2B /* PostView.swift */ = {isa = PBXFileReference; fileEncoding = 4; lastKnownFileType = sourcecode.swift; path = PostView.swift; sourceTree = "<group>"; };
		1876FFFD24B7B7B300B08E2B /* ContentView.swift */ = {isa = PBXFileReference; lastKnownFileType = sourcecode.swift; path = ContentView.swift; sourceTree = "<group>"; };
		1894CC7924C45CC60096A132 /* README.md */ = {isa = PBXFileReference; lastKnownFileType = net.daringfireball.markdown; path = README.md; sourceTree = "<group>"; };
		1894CC7D24C45D320096A132 /* MacOSSearch1.png */ = {isa = PBXFileReference; lastKnownFileType = image.png; path = MacOSSearch1.png; sourceTree = "<group>"; };
		1894CC7E24C45D320096A132 /* iPhoneHome.png */ = {isa = PBXFileReference; lastKnownFileType = image.png; path = iPhoneHome.png; sourceTree = "<group>"; };
		1894CC7F24C45D320096A132 /* MacOsProfile2.png */ = {isa = PBXFileReference; lastKnownFileType = image.png; path = MacOsProfile2.png; sourceTree = "<group>"; };
		1894CC8024C45D320096A132 /* MacOSHome.png */ = {isa = PBXFileReference; lastKnownFileType = image.png; path = MacOSHome.png; sourceTree = "<group>"; };
		1894CC8124C45D320096A132 /* iPadAdd1.png */ = {isa = PBXFileReference; lastKnownFileType = image.png; path = iPadAdd1.png; sourceTree = "<group>"; };
		1894CC8224C45D320096A132 /* MacOSLove1.png */ = {isa = PBXFileReference; lastKnownFileType = image.png; path = MacOSLove1.png; sourceTree = "<group>"; };
		1894CC8324C45D320096A132 /* iPhoneLove4.png */ = {isa = PBXFileReference; lastKnownFileType = image.png; path = iPhoneLove4.png; sourceTree = "<group>"; };
		1894CC8424C45D320096A132 /* iPadLove1.png */ = {isa = PBXFileReference; lastKnownFileType = image.png; path = iPadLove1.png; sourceTree = "<group>"; };
		1894CC8524C45D320096A132 /* WholeOS.png */ = {isa = PBXFileReference; lastKnownFileType = image.png; path = WholeOS.png; sourceTree = "<group>"; };
		1894CC8624C45D320096A132 /* iPhoneLove3.png */ = {isa = PBXFileReference; lastKnownFileType = image.png; path = iPhoneLove3.png; sourceTree = "<group>"; };
		1894CC8724C45D320096A132 /* iPadProfile2.png */ = {isa = PBXFileReference; lastKnownFileType = image.png; path = iPadProfile2.png; sourceTree = "<group>"; };
		1894CC8924C45D320096A132 /* iPhoneSearch3.png */ = {isa = PBXFileReference; lastKnownFileType = image.png; path = iPhoneSearch3.png; sourceTree = "<group>"; };
		1894CC8A24C45D320096A132 /* iPhoneSearch2.png */ = {isa = PBXFileReference; lastKnownFileType = image.png; path = iPhoneSearch2.png; sourceTree = "<group>"; };
		1894CC8B24C45D320096A132 /* MacOsProfile.png */ = {isa = PBXFileReference; lastKnownFileType = image.png; path = MacOsProfile.png; sourceTree = "<group>"; };
		1894CC8C24C45D320096A132 /* HackingWithSwiftUI2.mov */ = {isa = PBXFileReference; lastKnownFileType = video.quicktime; path = HackingWithSwiftUI2.mov; sourceTree = "<group>"; };
		1894CC8D24C45D320096A132 /* iPadSearch2.png */ = {isa = PBXFileReference; lastKnownFileType = image.png; path = iPadSearch2.png; sourceTree = "<group>"; };
		1894CC8E24C45D320096A132 /* iPadSearch1.png */ = {isa = PBXFileReference; lastKnownFileType = image.png; path = iPadSearch1.png; sourceTree = "<group>"; };
		1894CC8F24C45D320096A132 /* MacOsSearch.png */ = {isa = PBXFileReference; lastKnownFileType = image.png; path = MacOsSearch.png; sourceTree = "<group>"; };
		1894CC9024C45D320096A132 /* iPhoneProfile.png */ = {isa = PBXFileReference; lastKnownFileType = image.png; path = iPhoneProfile.png; sourceTree = "<group>"; };
		1894CC9124C45D320096A132 /* iPhoneSearch.png */ = {isa = PBXFileReference; lastKnownFileType = image.png; path = iPhoneSearch.png; sourceTree = "<group>"; };
		1894CC9224C45D320096A132 /* iPadHome.png */ = {isa = PBXFileReference; lastKnownFileType = image.png; path = iPadHome.png; sourceTree = "<group>"; };
		1894CC9324C45D320096A132 /* MacOsAdd.png */ = {isa = PBXFileReference; lastKnownFileType = image.png; path = MacOsAdd.png; sourceTree = "<group>"; };
		1894CCAB24C461440096A132 /* iPhoneAdd.png */ = {isa = PBXFileReference; lastKnownFileType = image.png; path = iPhoneAdd.png; sourceTree = "<group>"; };
		18988DE824BBA7BB00720D4B /* PlayerView.swift */ = {isa = PBXFileReference; lastKnownFileType = sourcecode.swift; path = PlayerView.swift; sourceTree = "<group>"; };
		18A5BEFA24C380AD0044559E /* flower.mov */ = {isa = PBXFileReference; lastKnownFileType = video.quicktime; path = flower.mov; sourceTree = "<group>"; };
		18C593ED24BE358F004149D0 /* ImagePicker.swift */ = {isa = PBXFileReference; lastKnownFileType = sourcecode.swift; path = ImagePicker.swift; sourceTree = "<group>"; };
		18C593F124BE3769004149D0 /* ImagePickerControlView.swift */ = {isa = PBXFileReference; lastKnownFileType = sourcecode.swift; path = ImagePickerControlView.swift; sourceTree = "<group>"; };
		18DF2CF724BC8C0100F3824A /* ProfileView.swift */ = {isa = PBXFileReference; lastKnownFileType = sourcecode.swift; path = ProfileView.swift; sourceTree = "<group>"; };
		18DF2CF924BC8F8400F3824A /* ProfileDesc.swift */ = {isa = PBXFileReference; lastKnownFileType = sourcecode.swift; path = ProfileDesc.swift; sourceTree = "<group>"; };
		18F3AD1224BDC78100C5FA48 /* FollowerRequest.swift */ = {isa = PBXFileReference; lastKnownFileType = sourcecode.swift; path = FollowerRequest.swift; sourceTree = "<group>"; };
/* End PBXFileReference section */

/* Begin PBXFrameworksBuildPhase section */
		1876FFB224B7B6CE00B08E2B /* Frameworks */ = {
			isa = PBXFrameworksBuildPhase;
			buildActionMask = 2147483647;
			files = (
			);
			runOnlyForDeploymentPostprocessing = 0;
		};
		1876FFBA24B7B6CE00B08E2B /* Frameworks */ = {
			isa = PBXFrameworksBuildPhase;
			buildActionMask = 2147483647;
			files = (
			);
			runOnlyForDeploymentPostprocessing = 0;
		};
		1876FFC224B7B6CE00B08E2B /* Frameworks */ = {
			isa = PBXFrameworksBuildPhase;
			buildActionMask = 2147483647;
			files = (
			);
			runOnlyForDeploymentPostprocessing = 0;
		};
		1876FFCD24B7B6CE00B08E2B /* Frameworks */ = {
			isa = PBXFrameworksBuildPhase;
			buildActionMask = 2147483647;
			files = (
			);
			runOnlyForDeploymentPostprocessing = 0;
		};
/* End PBXFrameworksBuildPhase section */

/* Begin PBXGroup section */
		18082DC824BD033F002DA47B /* LoveTab */ = {
			isa = PBXGroup;
			children = (
				18082DC924BD03D8002DA47B /* LoveTab.swift */,
				18F3AD1224BDC78100C5FA48 /* FollowerRequest.swift */,
				182E6E7A24C0D5520040FE7B /* ModelLove.swift */,
			);
			path = LoveTab;
			sourceTree = "<group>";
		};
		1876FFA824B7B6CD00B08E2B = {
			isa = PBXGroup;
			children = (
				1894CC7924C45CC60096A132 /* README.md */,
				182E6E7C24C0E7B90040FE7B /* SwiftUI2.entitlements */,
				1876FFAD24B7B6CE00B08E2B /* Shared */,
				1876FFB724B7B6CE00B08E2B /* iOS */,
				1876FFBE24B7B6CE00B08E2B /* macOS */,
				1876FFC824B7B6CE00B08E2B /* Tests iOS */,
				1876FFD324B7B6CE00B08E2B /* Tests macOS */,
				1876FFB624B7B6CE00B08E2B /* Products */,
			);
			sourceTree = "<group>";
		};
		1876FFAD24B7B6CE00B08E2B /* Shared */ = {
			isa = PBXGroup;
			children = (
				1894CC7C24C45D320096A132 /* images */,
				18A5BEFA24C380AD0044559E /* flower.mov */,
				18C593EC24BE3577004149D0 /* ImagePicker */,
				18082DC824BD033F002DA47B /* LoveTab */,
				18DF2CF624BC8BE200F3824A /* Profile */,
				18DF2CF524BC8B4100F3824A /* Extension */,
				18DF2CF424BC8ADC00F3824A /* Search */,
				18DF2CF324BC8AC500F3824A /* Home */,
				1876FFAE24B7B6CE00B08E2B /* SwiftUI2App.swift */,
				1876FFB024B7B6CE00B08E2B /* Assets.xcassets */,
				1876FFFD24B7B7B300B08E2B /* ContentView.swift */,
			);
			path = Shared;
			sourceTree = "<group>";
		};
		1876FFB624B7B6CE00B08E2B /* Products */ = {
			isa = PBXGroup;
			children = (
				1876FFB524B7B6CE00B08E2B /* SwiftUI2.app */,
				1876FFBD24B7B6CE00B08E2B /* SwiftUI2.app */,
				1876FFC524B7B6CE00B08E2B /* Tests iOS.xctest */,
				1876FFD024B7B6CE00B08E2B /* Tests macOS.xctest */,
			);
			name = Products;
			sourceTree = "<group>";
		};
		1876FFB724B7B6CE00B08E2B /* iOS */ = {
			isa = PBXGroup;
			children = (
				1876FFB824B7B6CE00B08E2B /* Info.plist */,
			);
			path = iOS;
			sourceTree = "<group>";
		};
		1876FFBE24B7B6CE00B08E2B /* macOS */ = {
			isa = PBXGroup;
			children = (
				1876FFBF24B7B6CE00B08E2B /* Info.plist */,
				1876FFC024B7B6CE00B08E2B /* macOS.entitlements */,
			);
			path = macOS;
			sourceTree = "<group>";
		};
		1876FFC824B7B6CE00B08E2B /* Tests iOS */ = {
			isa = PBXGroup;
			children = (
				1876FFC924B7B6CE00B08E2B /* Tests_iOS.swift */,
				1876FFCB24B7B6CE00B08E2B /* Info.plist */,
			);
			path = "Tests iOS";
			sourceTree = "<group>";
		};
		1876FFD324B7B6CE00B08E2B /* Tests macOS */ = {
			isa = PBXGroup;
			children = (
				1876FFD424B7B6CE00B08E2B /* Tests_macOS.swift */,
				1876FFD624B7B6CE00B08E2B /* Info.plist */,
			);
			path = "Tests macOS";
			sourceTree = "<group>";
		};
		1894CC7C24C45D320096A132 /* images */ = {
			isa = PBXGroup;
			children = (
				1894CCAB24C461440096A132 /* iPhoneAdd.png */,
				1894CC7D24C45D320096A132 /* MacOSSearch1.png */,
				1894CC7E24C45D320096A132 /* iPhoneHome.png */,
				1894CC7F24C45D320096A132 /* MacOsProfile2.png */,
				1894CC8024C45D320096A132 /* MacOSHome.png */,
				1894CC8124C45D320096A132 /* iPadAdd1.png */,
				1894CC8224C45D320096A132 /* MacOSLove1.png */,
				1894CC8324C45D320096A132 /* iPhoneLove4.png */,
				1894CC8424C45D320096A132 /* iPadLove1.png */,
				1894CC8524C45D320096A132 /* WholeOS.png */,
				1894CC8624C45D320096A132 /* iPhoneLove3.png */,
				1894CC8724C45D320096A132 /* iPadProfile2.png */,
				1894CC8924C45D320096A132 /* iPhoneSearch3.png */,
				1894CC8A24C45D320096A132 /* iPhoneSearch2.png */,
				1894CC8B24C45D320096A132 /* MacOsProfile.png */,
				1894CC8C24C45D320096A132 /* HackingWithSwiftUI2.mov */,
				1894CC8D24C45D320096A132 /* iPadSearch2.png */,
				1894CC8E24C45D320096A132 /* iPadSearch1.png */,
				1894CC8F24C45D320096A132 /* MacOsSearch.png */,
				1894CC9024C45D320096A132 /* iPhoneProfile.png */,
				1894CC9124C45D320096A132 /* iPhoneSearch.png */,
				1894CC9224C45D320096A132 /* iPadHome.png */,
				1894CC9324C45D320096A132 /* MacOsAdd.png */,
			);
			path = images;
			sourceTree = SOURCE_ROOT;
		};
		18C593EC24BE3577004149D0 /* ImagePicker */ = {
			isa = PBXGroup;
			children = (
				18C593ED24BE358F004149D0 /* ImagePicker.swift */,
				18C593F124BE3769004149D0 /* ImagePickerControlView.swift */,
			);
			path = ImagePicker;
			sourceTree = "<group>";
		};
		18DF2CF324BC8AC500F3824A /* Home */ = {
			isa = PBXGroup;
			children = (
				1876FFEB24B7B73C00B08E2B /* InstaView.swift */,
				1876FFEF24B7B73C00B08E2B /* Post.swift */,
				1876FFF024B7B73C00B08E2B /* PostView.swift */,
				1876FFED24B7B73C00B08E2B /* StoryView.swift */,
			);
			path = Home;
			sourceTree = "<group>";
		};
		18DF2CF424BC8ADC00F3824A /* Search */ = {
			isa = PBXGroup;
			children = (
				1832DE2024BB580C009726CF /* SearchBar.swift */,
				18988DE824BBA7BB00720D4B /* PlayerView.swift */,
			);
			path = Search;
			sourceTree = "<group>";
		};
		18DF2CF524BC8B4100F3824A /* Extension */ = {
			isa = PBXGroup;
			children = (
				1832DE1D24BB3CBD009726CF /* AddStatusButton.swift */,
				1876FFEE24B7B73C00B08E2B /* Image+.swift */,
			);
			path = Extension;
			sourceTree = "<group>";
		};
		18DF2CF624BC8BE200F3824A /* Profile */ = {
			isa = PBXGroup;
			children = (
				18DF2CF724BC8C0100F3824A /* ProfileView.swift */,
				18DF2CF924BC8F8400F3824A /* ProfileDesc.swift */,
				18082DC224BCD4D9002DA47B /* TOOLBarView.swift */,
				18082DC424BCF542002DA47B /* SectionViews.swift */,
			);
			path = Profile;
			sourceTree = "<group>";
		};
/* End PBXGroup section */

/* Begin PBXNativeTarget section */
		1876FFB424B7B6CE00B08E2B /* SwiftUI2 (iOS) */ = {
			isa = PBXNativeTarget;
			buildConfigurationList = 1876FFDF24B7B6CE00B08E2B /* Build configuration list for PBXNativeTarget "SwiftUI2 (iOS)" */;
			buildPhases = (
				1876FFB124B7B6CE00B08E2B /* Sources */,
				1876FFB224B7B6CE00B08E2B /* Frameworks */,
				1876FFB324B7B6CE00B08E2B /* Resources */,
			);
			buildRules = (
			);
			dependencies = (
			);
			name = "SwiftUI2 (iOS)";
			productName = "SwiftUI2 (iOS)";
			productReference = 1876FFB524B7B6CE00B08E2B /* SwiftUI2.app */;
			productType = "com.apple.product-type.application";
		};
		1876FFBC24B7B6CE00B08E2B /* SwiftUI2 (macOS) */ = {
			isa = PBXNativeTarget;
			buildConfigurationList = 1876FFE224B7B6CE00B08E2B /* Build configuration list for PBXNativeTarget "SwiftUI2 (macOS)" */;
			buildPhases = (
				1876FFB924B7B6CE00B08E2B /* Sources */,
				1876FFBA24B7B6CE00B08E2B /* Frameworks */,
				1876FFBB24B7B6CE00B08E2B /* Resources */,
			);
			buildRules = (
			);
			dependencies = (
			);
			name = "SwiftUI2 (macOS)";
			productName = "SwiftUI2 (macOS)";
			productReference = 1876FFBD24B7B6CE00B08E2B /* SwiftUI2.app */;
			productType = "com.apple.product-type.application";
		};
		1876FFC424B7B6CE00B08E2B /* Tests iOS */ = {
			isa = PBXNativeTarget;
			buildConfigurationList = 1876FFE524B7B6CE00B08E2B /* Build configuration list for PBXNativeTarget "Tests iOS" */;
			buildPhases = (
				1876FFC124B7B6CE00B08E2B /* Sources */,
				1876FFC224B7B6CE00B08E2B /* Frameworks */,
				1876FFC324B7B6CE00B08E2B /* Resources */,
			);
			buildRules = (
			);
			dependencies = (
				1876FFC724B7B6CE00B08E2B /* PBXTargetDependency */,
			);
			name = "Tests iOS";
			productName = "Tests iOS";
			productReference = 1876FFC524B7B6CE00B08E2B /* Tests iOS.xctest */;
			productType = "com.apple.product-type.bundle.ui-testing";
		};
		1876FFCF24B7B6CE00B08E2B /* Tests macOS */ = {
			isa = PBXNativeTarget;
			buildConfigurationList = 1876FFE824B7B6CE00B08E2B /* Build configuration list for PBXNativeTarget "Tests macOS" */;
			buildPhases = (
				1876FFCC24B7B6CE00B08E2B /* Sources */,
				1876FFCD24B7B6CE00B08E2B /* Frameworks */,
				1876FFCE24B7B6CE00B08E2B /* Resources */,
			);
			buildRules = (
			);
			dependencies = (
				1876FFD224B7B6CE00B08E2B /* PBXTargetDependency */,
			);
			name = "Tests macOS";
			productName = "Tests macOS";
			productReference = 1876FFD024B7B6CE00B08E2B /* Tests macOS.xctest */;
			productType = "com.apple.product-type.bundle.ui-testing";
		};
/* End PBXNativeTarget section */

/* Begin PBXProject section */
		1876FFA924B7B6CD00B08E2B /* Project object */ = {
			isa = PBXProject;
			attributes = {
				LastSwiftUpdateCheck = 1200;
				LastUpgradeCheck = 1200;
				TargetAttributes = {
					1876FFB424B7B6CE00B08E2B = {
						CreatedOnToolsVersion = 12.0;
					};
					1876FFBC24B7B6CE00B08E2B = {
						CreatedOnToolsVersion = 12.0;
					};
					1876FFC424B7B6CE00B08E2B = {
						CreatedOnToolsVersion = 12.0;
						TestTargetID = 1876FFB424B7B6CE00B08E2B;
					};
					1876FFCF24B7B6CE00B08E2B = {
						CreatedOnToolsVersion = 12.0;
						TestTargetID = 1876FFBC24B7B6CE00B08E2B;
					};
				};
			};
			buildConfigurationList = 1876FFAC24B7B6CD00B08E2B /* Build configuration list for PBXProject "SwiftUI2" */;
			compatibilityVersion = "Xcode 9.3";
			developmentRegion = en;
			hasScannedForEncodings = 0;
			knownRegions = (
				en,
				Base,
			);
			mainGroup = 1876FFA824B7B6CD00B08E2B;
			productRefGroup = 1876FFB624B7B6CE00B08E2B /* Products */;
			projectDirPath = "";
			projectRoot = "";
			targets = (
				1876FFB424B7B6CE00B08E2B /* SwiftUI2 (iOS) */,
				1876FFBC24B7B6CE00B08E2B /* SwiftUI2 (macOS) */,
				1876FFC424B7B6CE00B08E2B /* Tests iOS */,
				1876FFCF24B7B6CE00B08E2B /* Tests macOS */,
			);
		};
/* End PBXProject section */

/* Begin PBXResourcesBuildPhase section */
		1876FFB324B7B6CE00B08E2B /* Resources */ = {
			isa = PBXResourcesBuildPhase;
			buildActionMask = 2147483647;
			files = (
				1894CC9E24C45D320096A132 /* iPadProfile2.png in Resources */,
				1894CCA224C45D320096A132 /* MacOsProfile.png in Resources */,
				1894CCA824C45D320096A132 /* iPhoneSearch.png in Resources */,
				1876FFDB24B7B6CE00B08E2B /* Assets.xcassets in Resources */,
				1894CC9B24C45D320096A132 /* iPadLove1.png in Resources */,
				1894CC9D24C45D320096A132 /* iPhoneLove3.png in Resources */,
				1894CCA424C45D320096A132 /* iPadSearch2.png in Resources */,
				1894CC9524C45D320096A132 /* iPhoneHome.png in Resources */,
				1894CC9724C45D320096A132 /* MacOSHome.png in Resources */,
				1894CCA024C45D320096A132 /* iPhoneSearch3.png in Resources */,
				1894CC9924C45D320096A132 /* MacOSLove1.png in Resources */,
				1894CC9824C45D320096A132 /* iPadAdd1.png in Resources */,
				1894CCA324C45D320096A132 /* HackingWithSwiftUI2.mov in Resources */,
				1894CC9A24C45D320096A132 /* iPhoneLove4.png in Resources */,
				1894CCA724C45D320096A132 /* iPhoneProfile.png in Resources */,
				18A5BEFB24C380AD0044559E /* flower.mov in Resources */,
				1894CC9C24C45D320096A132 /* WholeOS.png in Resources */,
				1894CC9424C45D320096A132 /* MacOSSearch1.png in Resources */,
				1894CCA624C45D320096A132 /* MacOsSearch.png in Resources */,
				1894CCAA24C45D320096A132 /* MacOsAdd.png in Resources */,
				1894CCAC24C461440096A132 /* iPhoneAdd.png in Resources */,
				1894CC9624C45D320096A132 /* MacOsProfile2.png in Resources */,
				1894CCA124C45D320096A132 /* iPhoneSearch2.png in Resources */,
				1894CCA924C45D320096A132 /* iPadHome.png in Resources */,
				1894CCA524C45D320096A132 /* iPadSearch1.png in Resources */,
			);
			runOnlyForDeploymentPostprocessing = 0;
		};
		1876FFBB24B7B6CE00B08E2B /* Resources */ = {
			isa = PBXResourcesBuildPhase;
			buildActionMask = 2147483647;
			files = (
				1876FFDC24B7B6CE00B08E2B /* Assets.xcassets in Resources */,
				18A5BEFC24C380AD0044559E /* flower.mov in Resources */,
			);
			runOnlyForDeploymentPostprocessing = 0;
		};
		1876FFC324B7B6CE00B08E2B /* Resources */ = {
			isa = PBXResourcesBuildPhase;
			buildActionMask = 2147483647;
			files = (
			);
			runOnlyForDeploymentPostprocessing = 0;
		};
		1876FFCE24B7B6CE00B08E2B /* Resources */ = {
			isa = PBXResourcesBuildPhase;
			buildActionMask = 2147483647;
			files = (
			);
			runOnlyForDeploymentPostprocessing = 0;
		};
/* End PBXResourcesBuildPhase section */

/* Begin PBXSourcesBuildPhase section */
		1876FFB124B7B6CE00B08E2B /* Sources */ = {
			isa = PBXSourcesBuildPhase;
			buildActionMask = 2147483647;
			files = (
				18082DCA24BD03D8002DA47B /* LoveTab.swift in Sources */,
				1876FFFB24B7B73C00B08E2B /* PostView.swift in Sources */,
				18DF2CFA24BC8F8400F3824A /* ProfileDesc.swift in Sources */,
				18C593EE24BE358F004149D0 /* ImagePicker.swift in Sources */,
				18F3AD1324BDC78100C5FA48 /* FollowerRequest.swift in Sources */,
				1832DE1E24BB3CBD009726CF /* AddStatusButton.swift in Sources */,
				1876FFF124B7B73C00B08E2B /* InstaView.swift in Sources */,
				18C593F224BE3769004149D0 /* ImagePickerControlView.swift in Sources */,
				18988DE924BBA7BB00720D4B /* PlayerView.swift in Sources */,
				182E6E7B24C0D5520040FE7B /* ModelLove.swift in Sources */,
				18082DC324BCD4D9002DA47B /* TOOLBarView.swift in Sources */,
				18082DC524BCF542002DA47B /* SectionViews.swift in Sources */,
				1876FFFE24B7B7B300B08E2B /* ContentView.swift in Sources */,
				1876FFD724B7B6CE00B08E2B /* SwiftUI2App.swift in Sources */,
				1832DE2124BB580C009726CF /* SearchBar.swift in Sources */,
				1876FFF724B7B73C00B08E2B /* Image+.swift in Sources */,
				1876FFF924B7B73C00B08E2B /* Post.swift in Sources */,
				18DF2CF824BC8C0100F3824A /* ProfileView.swift in Sources */,
				1876FFF524B7B73C00B08E2B /* StoryView.swift in Sources */,
			);
			runOnlyForDeploymentPostprocessing = 0;
		};
		1876FFB924B7B6CE00B08E2B /* Sources */ = {
			isa = PBXSourcesBuildPhase;
			buildActionMask = 2147483647;
			files = (
				1876FFFC24B7B73C00B08E2B /* PostView.swift in Sources */,
				1832DE1F24BB3CBD009726CF /* AddStatusButton.swift in Sources */,
				1876FFF224B7B73C00B08E2B /* InstaView.swift in Sources */,
				18988DEA24BBA7BB00720D4B /* PlayerView.swift in Sources */,
				1876FFFF24B7B7B300B08E2B /* ContentView.swift in Sources */,
				1876FFD824B7B6CE00B08E2B /* SwiftUI2App.swift in Sources */,
				1832DE2224BB580C009726CF /* SearchBar.swift in Sources */,
				1876FFF824B7B73C00B08E2B /* Image+.swift in Sources */,
				1876FFFA24B7B73C00B08E2B /* Post.swift in Sources */,
				1876FFF624B7B73C00B08E2B /* StoryView.swift in Sources */,
			);
			runOnlyForDeploymentPostprocessing = 0;
		};
		1876FFC124B7B6CE00B08E2B /* Sources */ = {
			isa = PBXSourcesBuildPhase;
			buildActionMask = 2147483647;
			files = (
				1876FFCA24B7B6CE00B08E2B /* Tests_iOS.swift in Sources */,
			);
			runOnlyForDeploymentPostprocessing = 0;
		};
		1876FFCC24B7B6CE00B08E2B /* Sources */ = {
			isa = PBXSourcesBuildPhase;
			buildActionMask = 2147483647;
			files = (
				1876FFD524B7B6CE00B08E2B /* Tests_macOS.swift in Sources */,
			);
			runOnlyForDeploymentPostprocessing = 0;
		};
/* End PBXSourcesBuildPhase section */

/* Begin PBXTargetDependency section */
		1876FFC724B7B6CE00B08E2B /* PBXTargetDependency */ = {
			isa = PBXTargetDependency;
			target = 1876FFB424B7B6CE00B08E2B /* SwiftUI2 (iOS) */;
			targetProxy = 1876FFC624B7B6CE00B08E2B /* PBXContainerItemProxy */;
		};
		1876FFD224B7B6CE00B08E2B /* PBXTargetDependency */ = {
			isa = PBXTargetDependency;
			target = 1876FFBC24B7B6CE00B08E2B /* SwiftUI2 (macOS) */;
			targetProxy = 1876FFD124B7B6CE00B08E2B /* PBXContainerItemProxy */;
		};
/* End PBXTargetDependency section */

/* Begin XCBuildConfiguration section */
		1876FFDD24B7B6CE00B08E2B /* Debug */ = {
			isa = XCBuildConfiguration;
			buildSettings = {
				ALWAYS_SEARCH_USER_PATHS = NO;
				CLANG_ANALYZER_NONNULL = YES;
				CLANG_ANALYZER_NUMBER_OBJECT_CONVERSION = YES_AGGRESSIVE;
				CLANG_CXX_LANGUAGE_STANDARD = "gnu++14";
				CLANG_CXX_LIBRARY = "libc++";
				CLANG_ENABLE_MODULES = YES;
				CLANG_ENABLE_OBJC_ARC = YES;
				CLANG_ENABLE_OBJC_WEAK = YES;
				CLANG_WARN_BLOCK_CAPTURE_AUTORELEASING = YES;
				CLANG_WARN_BOOL_CONVERSION = YES;
				CLANG_WARN_COMMA = YES;
				CLANG_WARN_CONSTANT_CONVERSION = YES;
				CLANG_WARN_DEPRECATED_OBJC_IMPLEMENTATIONS = YES;
				CLANG_WARN_DIRECT_OBJC_ISA_USAGE = YES_ERROR;
				CLANG_WARN_DOCUMENTATION_COMMENTS = YES;
				CLANG_WARN_EMPTY_BODY = YES;
				CLANG_WARN_ENUM_CONVERSION = YES;
				CLANG_WARN_INFINITE_RECURSION = YES;
				CLANG_WARN_INT_CONVERSION = YES;
				CLANG_WARN_NON_LITERAL_NULL_CONVERSION = YES;
				CLANG_WARN_OBJC_IMPLICIT_RETAIN_SELF = YES;
				CLANG_WARN_OBJC_LITERAL_CONVERSION = YES;
				CLANG_WARN_OBJC_ROOT_CLASS = YES_ERROR;
				CLANG_WARN_QUOTED_INCLUDE_IN_FRAMEWORK_HEADER = YES;
				CLANG_WARN_RANGE_LOOP_ANALYSIS = YES;
				CLANG_WARN_STRICT_PROTOTYPES = YES;
				CLANG_WARN_SUSPICIOUS_MOVE = YES;
				CLANG_WARN_UNGUARDED_AVAILABILITY = YES_AGGRESSIVE;
				CLANG_WARN_UNREACHABLE_CODE = YES;
				CLANG_WARN__DUPLICATE_METHOD_MATCH = YES;
				COPY_PHASE_STRIP = NO;
				DEBUG_INFORMATION_FORMAT = dwarf;
				ENABLE_STRICT_OBJC_MSGSEND = YES;
				ENABLE_TESTABILITY = YES;
				GCC_C_LANGUAGE_STANDARD = gnu11;
				GCC_DYNAMIC_NO_PIC = NO;
				GCC_NO_COMMON_BLOCKS = YES;
				GCC_OPTIMIZATION_LEVEL = 0;
				GCC_PREPROCESSOR_DEFINITIONS = (
					"DEBUG=1",
					"$(inherited)",
				);
				GCC_WARN_64_TO_32_BIT_CONVERSION = YES;
				GCC_WARN_ABOUT_RETURN_TYPE = YES_ERROR;
				GCC_WARN_UNDECLARED_SELECTOR = YES;
				GCC_WARN_UNINITIALIZED_AUTOS = YES_AGGRESSIVE;
				GCC_WARN_UNUSED_FUNCTION = YES;
				GCC_WARN_UNUSED_VARIABLE = YES;
				MTL_ENABLE_DEBUG_INFO = INCLUDE_SOURCE;
				MTL_FAST_MATH = YES;
				ONLY_ACTIVE_ARCH = YES;
				SWIFT_ACTIVE_COMPILATION_CONDITIONS = DEBUG;
				SWIFT_OPTIMIZATION_LEVEL = "-Onone";
			};
			name = Debug;
		};
		1876FFDE24B7B6CE00B08E2B /* Release */ = {
			isa = XCBuildConfiguration;
			buildSettings = {
				ALWAYS_SEARCH_USER_PATHS = NO;
				CLANG_ANALYZER_NONNULL = YES;
				CLANG_ANALYZER_NUMBER_OBJECT_CONVERSION = YES_AGGRESSIVE;
				CLANG_CXX_LANGUAGE_STANDARD = "gnu++14";
				CLANG_CXX_LIBRARY = "libc++";
				CLANG_ENABLE_MODULES = YES;
				CLANG_ENABLE_OBJC_ARC = YES;
				CLANG_ENABLE_OBJC_WEAK = YES;
				CLANG_WARN_BLOCK_CAPTURE_AUTORELEASING = YES;
				CLANG_WARN_BOOL_CONVERSION = YES;
				CLANG_WARN_COMMA = YES;
				CLANG_WARN_CONSTANT_CONVERSION = YES;
				CLANG_WARN_DEPRECATED_OBJC_IMPLEMENTATIONS = YES;
				CLANG_WARN_DIRECT_OBJC_ISA_USAGE = YES_ERROR;
				CLANG_WARN_DOCUMENTATION_COMMENTS = YES;
				CLANG_WARN_EMPTY_BODY = YES;
				CLANG_WARN_ENUM_CONVERSION = YES;
				CLANG_WARN_INFINITE_RECURSION = YES;
				CLANG_WARN_INT_CONVERSION = YES;
				CLANG_WARN_NON_LITERAL_NULL_CONVERSION = YES;
				CLANG_WARN_OBJC_IMPLICIT_RETAIN_SELF = YES;
				CLANG_WARN_OBJC_LITERAL_CONVERSION = YES;
				CLANG_WARN_OBJC_ROOT_CLASS = YES_ERROR;
				CLANG_WARN_QUOTED_INCLUDE_IN_FRAMEWORK_HEADER = YES;
				CLANG_WARN_RANGE_LOOP_ANALYSIS = YES;
				CLANG_WARN_STRICT_PROTOTYPES = YES;
				CLANG_WARN_SUSPICIOUS_MOVE = YES;
				CLANG_WARN_UNGUARDED_AVAILABILITY = YES_AGGRESSIVE;
				CLANG_WARN_UNREACHABLE_CODE = YES;
				CLANG_WARN__DUPLICATE_METHOD_MATCH = YES;
				COPY_PHASE_STRIP = NO;
				DEBUG_INFORMATION_FORMAT = "dwarf-with-dsym";
				ENABLE_NS_ASSERTIONS = NO;
				ENABLE_STRICT_OBJC_MSGSEND = YES;
				GCC_C_LANGUAGE_STANDARD = gnu11;
				GCC_NO_COMMON_BLOCKS = YES;
				GCC_WARN_64_TO_32_BIT_CONVERSION = YES;
				GCC_WARN_ABOUT_RETURN_TYPE = YES_ERROR;
				GCC_WARN_UNDECLARED_SELECTOR = YES;
				GCC_WARN_UNINITIALIZED_AUTOS = YES_AGGRESSIVE;
				GCC_WARN_UNUSED_FUNCTION = YES;
				GCC_WARN_UNUSED_VARIABLE = YES;
				MTL_ENABLE_DEBUG_INFO = NO;
				MTL_FAST_MATH = YES;
				SWIFT_COMPILATION_MODE = wholemodule;
				SWIFT_OPTIMIZATION_LEVEL = "-O";
			};
			name = Release;
		};
		1876FFE024B7B6CE00B08E2B /* Debug */ = {
			isa = XCBuildConfiguration;
			buildSettings = {
				ASSETCATALOG_COMPILER_APPICON_NAME = AppIcon;
				ASSETCATALOG_COMPILER_GLOBAL_ACCENT_COLOR_NAME = AccentColor;
				CODE_SIGN_ENTITLEMENTS = SwiftUI2.entitlements;
				"CODE_SIGN_IDENTITY[sdk=macosx*]" = "-";
				CODE_SIGN_STYLE = Automatic;
				ENABLE_PREVIEWS = YES;
				INFOPLIST_FILE = iOS/Info.plist;
				IPHONEOS_DEPLOYMENT_TARGET = 14.0;
				LD_RUNPATH_SEARCH_PATHS = (
					"$(inherited)",
					"@executable_path/Frameworks",
				);
				PRODUCT_BUNDLE_IDENTIFIER = swiftUI.app.SwiftUI2;
				PRODUCT_NAME = SwiftUI2;
				SDKROOT = iphoneos;
				SUPPORTS_MACCATALYST = YES;
				SWIFT_VERSION = 5.0;
				TARGETED_DEVICE_FAMILY = "1,2,6";
			};
			name = Debug;
		};
		1876FFE124B7B6CE00B08E2B /* Release */ = {
			isa = XCBuildConfiguration;
			buildSettings = {
				ASSETCATALOG_COMPILER_APPICON_NAME = AppIcon;
				ASSETCATALOG_COMPILER_GLOBAL_ACCENT_COLOR_NAME = AccentColor;
				CODE_SIGN_ENTITLEMENTS = SwiftUI2.entitlements;
				"CODE_SIGN_IDENTITY[sdk=macosx*]" = "-";
				CODE_SIGN_STYLE = Automatic;
				ENABLE_PREVIEWS = YES;
				INFOPLIST_FILE = iOS/Info.plist;
				IPHONEOS_DEPLOYMENT_TARGET = 14.0;
				LD_RUNPATH_SEARCH_PATHS = (
					"$(inherited)",
					"@executable_path/Frameworks",
				);
				PRODUCT_BUNDLE_IDENTIFIER = swiftUI.app.SwiftUI2;
				PRODUCT_NAME = SwiftUI2;
				SDKROOT = iphoneos;
				SUPPORTS_MACCATALYST = YES;
				SWIFT_VERSION = 5.0;
				TARGETED_DEVICE_FAMILY = "1,2,6";
				VALIDATE_PRODUCT = YES;
			};
			name = Release;
		};
		1876FFE324B7B6CE00B08E2B /* Debug */ = {
			isa = XCBuildConfiguration;
			buildSettings = {
				ASSETCATALOG_COMPILER_APPICON_NAME = AppIcon;
				ASSETCATALOG_COMPILER_GLOBAL_ACCENT_COLOR_NAME = AccentColor;
				CODE_SIGN_ENTITLEMENTS = macOS/macOS.entitlements;
				CODE_SIGN_STYLE = Automatic;
				COMBINE_HIDPI_IMAGES = YES;
				ENABLE_PREVIEWS = YES;
				INFOPLIST_FILE = macOS/Info.plist;
				LD_RUNPATH_SEARCH_PATHS = (
					"$(inherited)",
					"@executable_path/../Frameworks",
				);
				MACOSX_DEPLOYMENT_TARGET = 10.16;
				PRODUCT_BUNDLE_IDENTIFIER = swiftUI.app.SwiftUI2;
				PRODUCT_NAME = SwiftUI2;
				SDKROOT = macosx;
				SWIFT_VERSION = 5.0;
			};
			name = Debug;
		};
		1876FFE424B7B6CE00B08E2B /* Release */ = {
			isa = XCBuildConfiguration;
			buildSettings = {
				ASSETCATALOG_COMPILER_APPICON_NAME = AppIcon;
				ASSETCATALOG_COMPILER_GLOBAL_ACCENT_COLOR_NAME = AccentColor;
				CODE_SIGN_ENTITLEMENTS = macOS/macOS.entitlements;
				CODE_SIGN_STYLE = Automatic;
				COMBINE_HIDPI_IMAGES = YES;
				ENABLE_PREVIEWS = YES;
				INFOPLIST_FILE = macOS/Info.plist;
				LD_RUNPATH_SEARCH_PATHS = (
					"$(inherited)",
					"@executable_path/../Frameworks",
				);
				MACOSX_DEPLOYMENT_TARGET = 10.16;
				PRODUCT_BUNDLE_IDENTIFIER = swiftUI.app.SwiftUI2;
				PRODUCT_NAME = SwiftUI2;
				SDKROOT = macosx;
				SWIFT_VERSION = 5.0;
			};
			name = Release;
		};
		1876FFE624B7B6CE00B08E2B /* Debug */ = {
			isa = XCBuildConfiguration;
			buildSettings = {
				ALWAYS_EMBED_SWIFT_STANDARD_LIBRARIES = YES;
				CODE_SIGN_STYLE = Automatic;
				INFOPLIST_FILE = "Tests iOS/Info.plist";
				IPHONEOS_DEPLOYMENT_TARGET = 14.0;
				LD_RUNPATH_SEARCH_PATHS = (
					"$(inherited)",
					"@executable_path/Frameworks",
					"@loader_path/Frameworks",
				);
				PRODUCT_BUNDLE_IDENTIFIER = "swiftUI.app.Tests-iOS";
				PRODUCT_NAME = "$(TARGET_NAME)";
				SDKROOT = iphoneos;
				SWIFT_VERSION = 5.0;
				TARGETED_DEVICE_FAMILY = "1,2";
				TEST_TARGET_NAME = "SwiftUI2 (iOS)";
			};
			name = Debug;
		};
		1876FFE724B7B6CE00B08E2B /* Release */ = {
			isa = XCBuildConfiguration;
			buildSettings = {
				ALWAYS_EMBED_SWIFT_STANDARD_LIBRARIES = YES;
				CODE_SIGN_STYLE = Automatic;
				INFOPLIST_FILE = "Tests iOS/Info.plist";
				IPHONEOS_DEPLOYMENT_TARGET = 14.0;
				LD_RUNPATH_SEARCH_PATHS = (
					"$(inherited)",
					"@executable_path/Frameworks",
					"@loader_path/Frameworks",
				);
				PRODUCT_BUNDLE_IDENTIFIER = "swiftUI.app.Tests-iOS";
				PRODUCT_NAME = "$(TARGET_NAME)";
				SDKROOT = iphoneos;
				SWIFT_VERSION = 5.0;
				TARGETED_DEVICE_FAMILY = "1,2";
				TEST_TARGET_NAME = "SwiftUI2 (iOS)";
				VALIDATE_PRODUCT = YES;
			};
			name = Release;
		};
		1876FFE924B7B6CE00B08E2B /* Debug */ = {
			isa = XCBuildConfiguration;
			buildSettings = {
				ALWAYS_EMBED_SWIFT_STANDARD_LIBRARIES = YES;
				CODE_SIGN_STYLE = Automatic;
				COMBINE_HIDPI_IMAGES = YES;
				INFOPLIST_FILE = "Tests macOS/Info.plist";
				LD_RUNPATH_SEARCH_PATHS = (
					"$(inherited)",
					"@executable_path/../Frameworks",
					"@loader_path/../Frameworks",
				);
				MACOSX_DEPLOYMENT_TARGET = 10.16;
				PRODUCT_BUNDLE_IDENTIFIER = "swiftUI.app.Tests-macOS";
				PRODUCT_NAME = "$(TARGET_NAME)";
				SDKROOT = macosx;
				SWIFT_VERSION = 5.0;
				TEST_TARGET_NAME = "SwiftUI2 (macOS)";
			};
			name = Debug;
		};
		1876FFEA24B7B6CE00B08E2B /* Release */ = {
			isa = XCBuildConfiguration;
			buildSettings = {
				ALWAYS_EMBED_SWIFT_STANDARD_LIBRARIES = YES;
				CODE_SIGN_STYLE = Automatic;
				COMBINE_HIDPI_IMAGES = YES;
				INFOPLIST_FILE = "Tests macOS/Info.plist";
				LD_RUNPATH_SEARCH_PATHS = (
					"$(inherited)",
					"@executable_path/../Frameworks",
					"@loader_path/../Frameworks",
				);
				MACOSX_DEPLOYMENT_TARGET = 10.16;
				PRODUCT_BUNDLE_IDENTIFIER = "swiftUI.app.Tests-macOS";
				PRODUCT_NAME = "$(TARGET_NAME)";
				SDKROOT = macosx;
				SWIFT_VERSION = 5.0;
				TEST_TARGET_NAME = "SwiftUI2 (macOS)";
			};
			name = Release;
		};
/* End XCBuildConfiguration section */

/* Begin XCConfigurationList section */
		1876FFAC24B7B6CD00B08E2B /* Build configuration list for PBXProject "SwiftUI2" */ = {
			isa = XCConfigurationList;
			buildConfigurations = (
				1876FFDD24B7B6CE00B08E2B /* Debug */,
				1876FFDE24B7B6CE00B08E2B /* Release */,
			);
			defaultConfigurationIsVisible = 0;
			defaultConfigurationName = Release;
		};
		1876FFDF24B7B6CE00B08E2B /* Build configuration list for PBXNativeTarget "SwiftUI2 (iOS)" */ = {
			isa = XCConfigurationList;
			buildConfigurations = (
				1876FFE024B7B6CE00B08E2B /* Debug */,
				1876FFE124B7B6CE00B08E2B /* Release */,
			);
			defaultConfigurationIsVisible = 0;
			defaultConfigurationName = Release;
		};
		1876FFE224B7B6CE00B08E2B /* Build configuration list for PBXNativeTarget "SwiftUI2 (macOS)" */ = {
			isa = XCConfigurationList;
			buildConfigurations = (
				1876FFE324B7B6CE00B08E2B /* Debug */,
				1876FFE424B7B6CE00B08E2B /* Release */,
			);
			defaultConfigurationIsVisible = 0;
			defaultConfigurationName = Release;
		};
		1876FFE524B7B6CE00B08E2B /* Build configuration list for PBXNativeTarget "Tests iOS" */ = {
			isa = XCConfigurationList;
			buildConfigurations = (
				1876FFE624B7B6CE00B08E2B /* Debug */,
				1876FFE724B7B6CE00B08E2B /* Release */,
			);
			defaultConfigurationIsVisible = 0;
			defaultConfigurationName = Release;
		};
		1876FFE824B7B6CE00B08E2B /* Build configuration list for PBXNativeTarget "Tests macOS" */ = {
			isa = XCConfigurationList;
			buildConfigurations = (
				1876FFE924B7B6CE00B08E2B /* Debug */,
				1876FFEA24B7B6CE00B08E2B /* Release */,
			);
			defaultConfigurationIsVisible = 0;
			defaultConfigurationName = Release;
		};
/* End XCConfigurationList section */
	};
	rootObject = 1876FFA924B7B6CD00B08E2B /* Project object */;
}
