// !$*UTF8*$!
{
	archiveVersion = 1;
	classes = {
	};
	objectVersion = 50;
	objects = {

/* Begin PBXBuildFile section */
		1876FFCA24B7B6CE00B08E2B /* Tests_iOS.swift in Sources */ = {isa = PBXBuildFile; fileRef = 1876FFC924B7B6CE00B08E2B /* Tests_iOS.swift */; };
		1876FFD524B7B6CE00B08E2B /* Tests_macOS.swift in Sources */ = {isa = PBXBuildFile; fileRef = 1876FFD424B7B6CE00B08E2B /* Tests_macOS.swift */; };
		1876FFD724B7B6CE00B08E2B /* SwiftUI2App.swift in Sources */ = {isa = PBXBuildFile; fileRef = 1876FFAE24B7B6CE00B08E2B /* SwiftUI2App.swift */; };
		1876FFD824B7B6CE00B08E2B /* SwiftUI2App.swift in Sources */ = {isa = PBXBuildFile; fileRef = 1876FFAE24B7B6CE00B08E2B /* SwiftUI2App.swift */; };
		1876FFD924B7B6CE00B08E2B /* ContentView.swift in Sources */ = {isa = PBXBuildFile; fileRef = 1876FFAF24B7B6CE00B08E2B /* ContentView.swift */; };
		1876FFDA24B7B6CE00B08E2B /* ContentView.swift in Sources */ = {isa = PBXBuildFile; fileRef = 1876FFAF24B7B6CE00B08E2B /* ContentView.swift */; };
		1876FFDB24B7B6CE00B08E2B /* Assets.xcassets in Resources */ = {isa = PBXBuildFile; fileRef = 1876FFB024B7B6CE00B08E2B /* Assets.xcassets */; };
		1876FFDC24B7B6CE00B08E2B /* Assets.xcassets in Resources */ = {isa = PBXBuildFile; fileRef = 1876FFB024B7B6CE00B08E2B /* Assets.xcassets */; };
/* End PBXBuildFile section */

/* Begin PBXContainerItemProxy section */
		1876FFC624B7B6CE00B08E2B /* PBXContainerItemProxy */ = {
			isa = PBXContainerItemProxy;
			containerPortal = 1876FFA924B7B6CD00B08E2B /* Project object */;
			proxyType = 1;
			remoteGlobalIDString = 1876FFB424B7B6CE00B08E2B;
			remoteInfo = "SwiftUI2 (iOS)";
		};
		1876FFD124B7B6CE00B08E2B /* PBXContainerItemProxy */ = {
			isa = PBXContainerItemProxy;
			containerPortal = 1876FFA924B7B6CD00B08E2B /* Project object */;
			proxyType = 1;
			remoteGlobalIDString = 1876FFBC24B7B6CE00B08E2B;
			remoteInfo = "SwiftUI2 (macOS)";
		};
/* End PBXContainerItemProxy section */

/* Begin PBXFileReference section */
		1876FFAE24B7B6CE00B08E2B /* SwiftUI2App.swift */ = {isa = PBXFileReference; lastKnownFileType = sourcecode.swift; path = SwiftUI2App.swift; sourceTree = "<group>"; };
		1876FFAF24B7B6CE00B08E2B /* ContentView.swift */ = {isa = PBXFileReference; lastKnownFileType = sourcecode.swift; path = ContentView.swift; sourceTree = "<group>"; };
		1876FFB024B7B6CE00B08E2B /* Assets.xcassets */ = {isa = PBXFileReference; lastKnownFileType = folder.assetcatalog; path = Assets.xcassets; sourceTree = "<group>"; };
		1876FFB524B7B6CE00B08E2B /* SwiftUI2.app */ = {isa = PBXFileReference; explicitFileType = wrapper.application; includeInIndex = 0; path = SwiftUI2.app; sourceTree = BUILT_PRODUCTS_DIR; };
		1876FFB824B7B6CE00B08E2B /* Info.plist */ = {isa = PBXFileReference; lastKnownFileType = text.plist.xml; path = Info.plist; sourceTree = "<group>"; };
		1876FFBD24B7B6CE00B08E2B /* SwiftUI2.app */ = {isa = PBXFileReference; explicitFileType = wrapper.application; includeInIndex = 0; path = SwiftUI2.app; sourceTree = BUILT_PRODUCTS_DIR; };
		1876FFBF24B7B6CE00B08E2B /* Info.plist */ = {isa = PBXFileReference; lastKnownFileType = text.plist.xml; path = Info.plist; sourceTree = "<group>"; };
		1876FFC024B7B6CE00B08E2B /* macOS.entitlements */ = {isa = PBXFileReference; lastKnownFileType = text.plist.entitlements; path = macOS.entitlements; sourceTree = "<group>"; };
		1876FFC524B7B6CE00B08E2B /* Tests iOS.xctest */ = {isa = PBXFileReference; explicitFileType = wrapper.cfbundle; includeInIndex = 0; path = "Tests iOS.xctest"; sourceTree = BUILT_PRODUCTS_DIR; };
		1876FFC924B7B6CE00B08E2B /* Tests_iOS.swift */ = {isa = PBXFileReference; lastKnownFileType = sourcecode.swift; path = Tests_iOS.swift; sourceTree = "<group>"; };
		1876FFCB24B7B6CE00B08E2B /* Info.plist */ = {isa = PBXFileReference; lastKnownFileType = text.plist.xml; path = Info.plist; sourceTree = "<group>"; };
		1876FFD024B7B6CE00B08E2B /* Tests macOS.xctest */ = {isa = PBXFileReference; explicitFileType = wrapper.cfbundle; includeInIndex = 0; path = "Tests macOS.xctest"; sourceTree = BUILT_PRODUCTS_DIR; };
		1876FFD424B7B6CE00B08E2B /* Tests_macOS.swift */ = {isa = PBXFileReference; lastKnownFileType = sourcecode.swift; path = Tests_macOS.swift; sourceTree = "<group>"; };
		1876FFD624B7B6CE00B08E2B /* Info.plist */ = {isa = PBXFileReference; lastKnownFileType = text.plist.xml; path = Info.plist; sourceTree = "<group>"; };
/* End PBXFileReference section */

/* Begin PBXFrameworksBuildPhase section */
		1876FFB224B7B6CE00B08E2B /* Frameworks */ = {
			isa = PBXFrameworksBuildPhase;
			buildActionMask = 2147483647;
			files = (
			);
			runOnlyForDeploymentPostprocessing = 0;
		};
		1876FFBA24B7B6CE00B08E2B /* Frameworks */ = {
			isa = PBXFrameworksBuildPhase;
			buildActionMask = 2147483647;
			files = (
			);
			runOnlyForDeploymentPostprocessing = 0;
		};
		1876FFC224B7B6CE00B08E2B /* Frameworks */ = {
			isa = PBXFrameworksBuildPhase;
			buildActionMask = 2147483647;
			files = (
			);
			runOnlyForDeploymentPostprocessing = 0;
		};
		1876FFCD24B7B6CE00B08E2B /* Frameworks */ = {
			isa = PBXFrameworksBuildPhase;
			buildActionMask = 2147483647;
			files = (
			);
			runOnlyForDeploymentPostprocessing = 0;
		};
/* End PBXFrameworksBuildPhase section */

/* Begin PBXGroup section */
		1876FFA824B7B6CD00B08E2B = {
			isa = PBXGroup;
			children = (
				1876FFAD24B7B6CE00B08E2B /* Shared */,
				1876FFB724B7B6CE00B08E2B /* iOS */,
				1876FFBE24B7B6CE00B08E2B /* macOS */,
				1876FFC824B7B6CE00B08E2B /* Tests iOS */,
				1876FFD324B7B6CE00B08E2B /* Tests macOS */,
				1876FFB624B7B6CE00B08E2B /* Products */,
			);
			sourceTree = "<group>";
		};
		1876FFAD24B7B6CE00B08E2B /* Shared */ = {
			isa = PBXGroup;
			children = (
				1876FFAE24B7B6CE00B08E2B /* SwiftUI2App.swift */,
				1876FFAF24B7B6CE00B08E2B /* ContentView.swift */,
				1876FFB024B7B6CE00B08E2B /* Assets.xcassets */,
			);
			path = Shared;
			sourceTree = "<group>";
		};
		1876FFB624B7B6CE00B08E2B /* Products */ = {
			isa = PBXGroup;
			children = (
				1876FFB524B7B6CE00B08E2B /* SwiftUI2.app */,
				1876FFBD24B7B6CE00B08E2B /* SwiftUI2.app */,
				1876FFC524B7B6CE00B08E2B /* Tests iOS.xctest */,
				1876FFD024B7B6CE00B08E2B /* Tests macOS.xctest */,
			);
			name = Products;
			sourceTree = "<group>";
		};
		1876FFB724B7B6CE00B08E2B /* iOS */ = {
			isa = PBXGroup;
			children = (
				1876FFB824B7B6CE00B08E2B /* Info.plist */,
			);
			path = iOS;
			sourceTree = "<group>";
		};
		1876FFBE24B7B6CE00B08E2B /* macOS */ = {
			isa = PBXGroup;
			children = (
				1876FFBF24B7B6CE00B08E2B /* Info.plist */,
				1876FFC024B7B6CE00B08E2B /* macOS.entitlements */,
			);
			path = macOS;
			sourceTree = "<group>";
		};
		1876FFC824B7B6CE00B08E2B /* Tests iOS */ = {
			isa = PBXGroup;
			children = (
				1876FFC924B7B6CE00B08E2B /* Tests_iOS.swift */,
				1876FFCB24B7B6CE00B08E2B /* Info.plist */,
			);
			path = "Tests iOS";
			sourceTree = "<group>";
		};
		1876FFD324B7B6CE00B08E2B /* Tests macOS */ = {
			isa = PBXGroup;
			children = (
				1876FFD424B7B6CE00B08E2B /* Tests_macOS.swift */,
				1876FFD624B7B6CE00B08E2B /* Info.plist */,
			);
			path = "Tests macOS";
			sourceTree = "<group>";
		};
/* End PBXGroup section */

/* Begin PBXNativeTarget section */
		1876FFB424B7B6CE00B08E2B /* SwiftUI2 (iOS) */ = {
			isa = PBXNativeTarget;
			buildConfigurationList = 1876FFDF24B7B6CE00B08E2B /* Build configuration list for PBXNativeTarget "SwiftUI2 (iOS)" */;
			buildPhases = (
				1876FFB124B7B6CE00B08E2B /* Sources */,
				1876FFB224B7B6CE00B08E2B /* Frameworks */,
				1876FFB324B7B6CE00B08E2B /* Resources */,
			);
			buildRules = (
			);
			dependencies = (
			);
			name = "SwiftUI2 (iOS)";
			productName = "SwiftUI2 (iOS)";
			productReference = 1876FFB524B7B6CE00B08E2B /* SwiftUI2.app */;
			productType = "com.apple.product-type.application";
		};
		1876FFBC24B7B6CE00B08E2B /* SwiftUI2 (macOS) */ = {
			isa = PBXNativeTarget;
			buildConfigurationList = 1876FFE224B7B6CE00B08E2B /* Build configuration list for PBXNativeTarget "SwiftUI2 (macOS)" */;
			buildPhases = (
				1876FFB924B7B6CE00B08E2B /* Sources */,
				1876FFBA24B7B6CE00B08E2B /* Frameworks */,
				1876FFBB24B7B6CE00B08E2B /* Resources */,
			);
			buildRules = (
			);
			dependencies = (
			);
			name = "SwiftUI2 (macOS)";
			productName = "SwiftUI2 (macOS)";
			productReference = 1876FFBD24B7B6CE00B08E2B /* SwiftUI2.app */;
			productType = "com.apple.product-type.application";
		};
		1876FFC424B7B6CE00B08E2B /* Tests iOS */ = {
			isa = PBXNativeTarget;
			buildConfigurationList = 1876FFE524B7B6CE00B08E2B /* Build configuration list for PBXNativeTarget "Tests iOS" */;
			buildPhases = (
				1876FFC124B7B6CE00B08E2B /* Sources */,
				1876FFC224B7B6CE00B08E2B /* Frameworks */,
				1876FFC324B7B6CE00B08E2B /* Resources */,
			);
			buildRules = (
			);
			dependencies = (
				1876FFC724B7B6CE00B08E2B /* PBXTargetDependency */,
			);
			name = "Tests iOS";
			productName = "Tests iOS";
			productReference = 1876FFC524B7B6CE00B08E2B /* Tests iOS.xctest */;
			productType = "com.apple.product-type.bundle.ui-testing";
		};
		1876FFCF24B7B6CE00B08E2B /* Tests macOS */ = {
			isa = PBXNativeTarget;
			buildConfigurationList = 1876FFE824B7B6CE00B08E2B /* Build configuration list for PBXNativeTarget "Tests macOS" */;
			buildPhases = (
				1876FFCC24B7B6CE00B08E2B /* Sources */,
				1876FFCD24B7B6CE00B08E2B /* Frameworks */,
				1876FFCE24B7B6CE00B08E2B /* Resources */,
			);
			buildRules = (
			);
			dependencies = (
				1876FFD224B7B6CE00B08E2B /* PBXTargetDependency */,
			);
			name = "Tests macOS";
			productName = "Tests macOS";
			productReference = 1876FFD024B7B6CE00B08E2B /* Tests macOS.xctest */;
			productType = "com.apple.product-type.bundle.ui-testing";
		};
/* End PBXNativeTarget section */

/* Begin PBXProject section */
		1876FFA924B7B6CD00B08E2B /* Project object */ = {
			isa = PBXProject;
			attributes = {
				LastSwiftUpdateCheck = 1200;
				LastUpgradeCheck = 1200;
				TargetAttributes = {
					1876FFB424B7B6CE00B08E2B = {
						CreatedOnToolsVersion = 12.0;
					};
					1876FFBC24B7B6CE00B08E2B = {
						CreatedOnToolsVersion = 12.0;
					};
					1876FFC424B7B6CE00B08E2B = {
						CreatedOnToolsVersion = 12.0;
						TestTargetID = 1876FFB424B7B6CE00B08E2B;
					};
					1876FFCF24B7B6CE00B08E2B = {
						CreatedOnToolsVersion = 12.0;
						TestTargetID = 1876FFBC24B7B6CE00B08E2B;
					};
				};
			};
			buildConfigurationList = 1876FFAC24B7B6CD00B08E2B /* Build configuration list for PBXProject "SwiftUI2" */;
			compatibilityVersion = "Xcode 9.3";
			developmentRegion = en;
			hasScannedForEncodings = 0;
			knownRegions = (
				en,
				Base,
			);
			mainGroup = 1876FFA824B7B6CD00B08E2B;
			productRefGroup = 1876FFB624B7B6CE00B08E2B /* Products */;
			projectDirPath = "";
			projectRoot = "";
			targets = (
				1876FFB424B7B6CE00B08E2B /* SwiftUI2 (iOS) */,
				1876FFBC24B7B6CE00B08E2B /* SwiftUI2 (macOS) */,
				1876FFC424B7B6CE00B08E2B /* Tests iOS */,
				1876FFCF24B7B6CE00B08E2B /* Tests macOS */,
			);
		};
/* End PBXProject section */

/* Begin PBXResourcesBuildPhase section */
		1876FFB324B7B6CE00B08E2B /* Resources */ = {
			isa = PBXResourcesBuildPhase;
			buildActionMask = 2147483647;
			files = (
				1876FFDB24B7B6CE00B08E2B /* Assets.xcassets in Resources */,
			);
			runOnlyForDeploymentPostprocessing = 0;
		};
		1876FFBB24B7B6CE00B08E2B /* Resources */ = {
			isa = PBXResourcesBuildPhase;
			buildActionMask = 2147483647;
			files = (
				1876FFDC24B7B6CE00B08E2B /* Assets.xcassets in Resources */,
			);
			runOnlyForDeploymentPostprocessing = 0;
		};
		1876FFC324B7B6CE00B08E2B /* Resources */ = {
			isa = PBXResourcesBuildPhase;
			buildActionMask = 2147483647;
			files = (
			);
			runOnlyForDeploymentPostprocessing = 0;
		};
		1876FFCE24B7B6CE00B08E2B /* Resources */ = {
			isa = PBXResourcesBuildPhase;
			buildActionMask = 2147483647;
			files = (
			);
			runOnlyForDeploymentPostprocessing = 0;
		};
/* End PBXResourcesBuildPhase section */

/* Begin PBXSourcesBuildPhase section */
		1876FFB124B7B6CE00B08E2B /* Sources */ = {
			isa = PBXSourcesBuildPhase;
			buildActionMask = 2147483647;
			files = (
				1876FFD924B7B6CE00B08E2B /* ContentView.swift in Sources */,
				1876FFD724B7B6CE00B08E2B /* SwiftUI2App.swift in Sources */,
			);
			runOnlyForDeploymentPostprocessing = 0;
		};
		1876FFB924B7B6CE00B08E2B /* Sources */ = {
			isa = PBXSourcesBuildPhase;
			buildActionMask = 2147483647;
			files = (
				1876FFDA24B7B6CE00B08E2B /* ContentView.swift in Sources */,
				1876FFD824B7B6CE00B08E2B /* SwiftUI2App.swift in Sources */,
			);
			runOnlyForDeploymentPostprocessing = 0;
		};
		1876FFC124B7B6CE00B08E2B /* Sources */ = {
			isa = PBXSourcesBuildPhase;
			buildActionMask = 2147483647;
			files = (
				1876FFCA24B7B6CE00B08E2B /* Tests_iOS.swift in Sources */,
			);
			runOnlyForDeploymentPostprocessing = 0;
		};
		1876FFCC24B7B6CE00B08E2B /* Sources */ = {
			isa = PBXSourcesBuildPhase;
			buildActionMask = 2147483647;
			files = (
				1876FFD524B7B6CE00B08E2B /* Tests_macOS.swift in Sources */,
			);
			runOnlyForDeploymentPostprocessing = 0;
		};
/* End PBXSourcesBuildPhase section */

/* Begin PBXTargetDependency section */
		1876FFC724B7B6CE00B08E2B /* PBXTargetDependency */ = {
			isa = PBXTargetDependency;
			target = 1876FFB424B7B6CE00B08E2B /* SwiftUI2 (iOS) */;
			targetProxy = 1876FFC624B7B6CE00B08E2B /* PBXContainerItemProxy */;
		};
		1876FFD224B7B6CE00B08E2B /* PBXTargetDependency */ = {
			isa = PBXTargetDependency;
			target = 1876FFBC24B7B6CE00B08E2B /* SwiftUI2 (macOS) */;
			targetProxy = 1876FFD124B7B6CE00B08E2B /* PBXContainerItemProxy */;
		};
/* End PBXTargetDependency section */

/* Begin XCBuildConfiguration section */
		1876FFDD24B7B6CE00B08E2B /* Debug */ = {
			isa = XCBuildConfiguration;
			buildSettings = {
				ALWAYS_SEARCH_USER_PATHS = NO;
				CLANG_ANALYZER_NONNULL = YES;
				CLANG_ANALYZER_NUMBER_OBJECT_CONVERSION = YES_AGGRESSIVE;
				CLANG_CXX_LANGUAGE_STANDARD = "gnu++14";
				CLANG_CXX_LIBRARY = "libc++";
				CLANG_ENABLE_MODULES = YES;
				CLANG_ENABLE_OBJC_ARC = YES;
				CLANG_ENABLE_OBJC_WEAK = YES;
				CLANG_WARN_BLOCK_CAPTURE_AUTORELEASING = YES;
				CLANG_WARN_BOOL_CONVERSION = YES;
				CLANG_WARN_COMMA = YES;
				CLANG_WARN_CONSTANT_CONVERSION = YES;
				CLANG_WARN_DEPRECATED_OBJC_IMPLEMENTATIONS = YES;
				CLANG_WARN_DIRECT_OBJC_ISA_USAGE = YES_ERROR;
				CLANG_WARN_DOCUMENTATION_COMMENTS = YES;
				CLANG_WARN_EMPTY_BODY = YES;
				CLANG_WARN_ENUM_CONVERSION = YES;
				CLANG_WARN_INFINITE_RECURSION = YES;
				CLANG_WARN_INT_CONVERSION = YES;
				CLANG_WARN_NON_LITERAL_NULL_CONVERSION = YES;
				CLANG_WARN_OBJC_IMPLICIT_RETAIN_SELF = YES;
				CLANG_WARN_OBJC_LITERAL_CONVERSION = YES;
				CLANG_WARN_OBJC_ROOT_CLASS = YES_ERROR;
				CLANG_WARN_QUOTED_INCLUDE_IN_FRAMEWORK_HEADER = YES;
				CLANG_WARN_RANGE_LOOP_ANALYSIS = YES;
				CLANG_WARN_STRICT_PROTOTYPES = YES;
				CLANG_WARN_SUSPICIOUS_MOVE = YES;
				CLANG_WARN_UNGUARDED_AVAILABILITY = YES_AGGRESSIVE;
				CLANG_WARN_UNREACHABLE_CODE = YES;
				CLANG_WARN__DUPLICATE_METHOD_MATCH = YES;
				COPY_PHASE_STRIP = NO;
				DEBUG_INFORMATION_FORMAT = dwarf;
				ENABLE_STRICT_OBJC_MSGSEND = YES;
				ENABLE_TESTABILITY = YES;
				GCC_C_LANGUAGE_STANDARD = gnu11;
				GCC_DYNAMIC_NO_PIC = NO;
				GCC_NO_COMMON_BLOCKS = YES;
				GCC_OPTIMIZATION_LEVEL = 0;
				GCC_PREPROCESSOR_DEFINITIONS = (
					"DEBUG=1",
					"$(inherited)",
				);
				GCC_WARN_64_TO_32_BIT_CONVERSION = YES;
				GCC_WARN_ABOUT_RETURN_TYPE = YES_ERROR;
				GCC_WARN_UNDECLARED_SELECTOR = YES;
				GCC_WARN_UNINITIALIZED_AUTOS = YES_AGGRESSIVE;
				GCC_WARN_UNUSED_FUNCTION = YES;
				GCC_WARN_UNUSED_VARIABLE = YES;
				MTL_ENABLE_DEBUG_INFO = INCLUDE_SOURCE;
				MTL_FAST_MATH = YES;
				ONLY_ACTIVE_ARCH = YES;
				SWIFT_ACTIVE_COMPILATION_CONDITIONS = DEBUG;
				SWIFT_OPTIMIZATION_LEVEL = "-Onone";
			};
			name = Debug;
		};
		1876FFDE24B7B6CE00B08E2B /* Release */ = {
			isa = XCBuildConfiguration;
			buildSettings = {
				ALWAYS_SEARCH_USER_PATHS = NO;
				CLANG_ANALYZER_NONNULL = YES;
				CLANG_ANALYZER_NUMBER_OBJECT_CONVERSION = YES_AGGRESSIVE;
				CLANG_CXX_LANGUAGE_STANDARD = "gnu++14";
				CLANG_CXX_LIBRARY = "libc++";
				CLANG_ENABLE_MODULES = YES;
				CLANG_ENABLE_OBJC_ARC = YES;
				CLANG_ENABLE_OBJC_WEAK = YES;
				CLANG_WARN_BLOCK_CAPTURE_AUTORELEASING = YES;
				CLANG_WARN_BOOL_CONVERSION = YES;
				CLANG_WARN_COMMA = YES;
				CLANG_WARN_CONSTANT_CONVERSION = YES;
				CLANG_WARN_DEPRECATED_OBJC_IMPLEMENTATIONS = YES;
				CLANG_WARN_DIRECT_OBJC_ISA_USAGE = YES_ERROR;
				CLANG_WARN_DOCUMENTATION_COMMENTS = YES;
				CLANG_WARN_EMPTY_BODY = YES;
				CLANG_WARN_ENUM_CONVERSION = YES;
				CLANG_WARN_INFINITE_RECURSION = YES;
				CLANG_WARN_INT_CONVERSION = YES;
				CLANG_WARN_NON_LITERAL_NULL_CONVERSION = YES;
				CLANG_WARN_OBJC_IMPLICIT_RETAIN_SELF = YES;
				CLANG_WARN_OBJC_LITERAL_CONVERSION = YES;
				CLANG_WARN_OBJC_ROOT_CLASS = YES_ERROR;
				CLANG_WARN_QUOTED_INCLUDE_IN_FRAMEWORK_HEADER = YES;
				CLANG_WARN_RANGE_LOOP_ANALYSIS = YES;
				CLANG_WARN_STRICT_PROTOTYPES = YES;
				CLANG_WARN_SUSPICIOUS_MOVE = YES;
				CLANG_WARN_UNGUARDED_AVAILABILITY = YES_AGGRESSIVE;
				CLANG_WARN_UNREACHABLE_CODE = YES;
				CLANG_WARN__DUPLICATE_METHOD_MATCH = YES;
				COPY_PHASE_STRIP = NO;
				DEBUG_INFORMATION_FORMAT = "dwarf-with-dsym";
				ENABLE_NS_ASSERTIONS = NO;
				ENABLE_STRICT_OBJC_MSGSEND = YES;
				GCC_C_LANGUAGE_STANDARD = gnu11;
				GCC_NO_COMMON_BLOCKS = YES;
				GCC_WARN_64_TO_32_BIT_CONVERSION = YES;
				GCC_WARN_ABOUT_RETURN_TYPE = YES_ERROR;
				GCC_WARN_UNDECLARED_SELECTOR = YES;
				GCC_WARN_UNINITIALIZED_AUTOS = YES_AGGRESSIVE;
				GCC_WARN_UNUSED_FUNCTION = YES;
				GCC_WARN_UNUSED_VARIABLE = YES;
				MTL_ENABLE_DEBUG_INFO = NO;
				MTL_FAST_MATH = YES;
				SWIFT_COMPILATION_MODE = wholemodule;
				SWIFT_OPTIMIZATION_LEVEL = "-O";
			};
			name = Release;
		};
		1876FFE024B7B6CE00B08E2B /* Debug */ = {
			isa = XCBuildConfiguration;
			buildSettings = {
				ASSETCATALOG_COMPILER_APPICON_NAME = AppIcon;
				ASSETCATALOG_COMPILER_GLOBAL_ACCENT_COLOR_NAME = AccentColor;
				CODE_SIGN_STYLE = Automatic;
				ENABLE_PREVIEWS = YES;
				INFOPLIST_FILE = iOS/Info.plist;
				IPHONEOS_DEPLOYMENT_TARGET = 14.0;
				LD_RUNPATH_SEARCH_PATHS = (
					"$(inherited)",
					"@executable_path/Frameworks",
				);
				PRODUCT_BUNDLE_IDENTIFIER = swiftUI.app.SwiftUI2;
				PRODUCT_NAME = SwiftUI2;
				SDKROOT = iphoneos;
				SWIFT_VERSION = 5.0;
				TARGETED_DEVICE_FAMILY = "1,2";
			};
			name = Debug;
		};
		1876FFE124B7B6CE00B08E2B /* Release */ = {
			isa = XCBuildConfiguration;
			buildSettings = {
				ASSETCATALOG_COMPILER_APPICON_NAME = AppIcon;
				ASSETCATALOG_COMPILER_GLOBAL_ACCENT_COLOR_NAME = AccentColor;
				CODE_SIGN_STYLE = Automatic;
				ENABLE_PREVIEWS = YES;
				INFOPLIST_FILE = iOS/Info.plist;
				IPHONEOS_DEPLOYMENT_TARGET = 14.0;
				LD_RUNPATH_SEARCH_PATHS = (
					"$(inherited)",
					"@executable_path/Frameworks",
				);
				PRODUCT_BUNDLE_IDENTIFIER = swiftUI.app.SwiftUI2;
				PRODUCT_NAME = SwiftUI2;
				SDKROOT = iphoneos;
				SWIFT_VERSION = 5.0;
				TARGETED_DEVICE_FAMILY = "1,2";
				VALIDATE_PRODUCT = YES;
			};
			name = Release;
		};
		1876FFE324B7B6CE00B08E2B /* Debug */ = {
			isa = XCBuildConfiguration;
			buildSettings = {
				ASSETCATALOG_COMPILER_APPICON_NAME = AppIcon;
				ASSETCATALOG_COMPILER_GLOBAL_ACCENT_COLOR_NAME = AccentColor;
				CODE_SIGN_ENTITLEMENTS = macOS/macOS.entitlements;
				CODE_SIGN_STYLE = Automatic;
				COMBINE_HIDPI_IMAGES = YES;
				ENABLE_PREVIEWS = YES;
				INFOPLIST_FILE = macOS/Info.plist;
				LD_RUNPATH_SEARCH_PATHS = (
					"$(inherited)",
					"@executable_path/../Frameworks",
				);
				MACOSX_DEPLOYMENT_TARGET = 10.16;
				PRODUCT_BUNDLE_IDENTIFIER = swiftUI.app.SwiftUI2;
				PRODUCT_NAME = SwiftUI2;
				SDKROOT = macosx;
				SWIFT_VERSION = 5.0;
			};
			name = Debug;
		};
		1876FFE424B7B6CE00B08E2B /* Release */ = {
			isa = XCBuildConfiguration;
			buildSettings = {
				ASSETCATALOG_COMPILER_APPICON_NAME = AppIcon;
				ASSETCATALOG_COMPILER_GLOBAL_ACCENT_COLOR_NAME = AccentColor;
				CODE_SIGN_ENTITLEMENTS = macOS/macOS.entitlements;
				CODE_SIGN_STYLE = Automatic;
				COMBINE_HIDPI_IMAGES = YES;
				ENABLE_PREVIEWS = YES;
				INFOPLIST_FILE = macOS/Info.plist;
				LD_RUNPATH_SEARCH_PATHS = (
					"$(inherited)",
					"@executable_path/../Frameworks",
				);
				MACOSX_DEPLOYMENT_TARGET = 10.16;
				PRODUCT_BUNDLE_IDENTIFIER = swiftUI.app.SwiftUI2;
				PRODUCT_NAME = SwiftUI2;
				SDKROOT = macosx;
				SWIFT_VERSION = 5.0;
			};
			name = Release;
		};
		1876FFE624B7B6CE00B08E2B /* Debug */ = {
			isa = XCBuildConfiguration;
			buildSettings = {
				ALWAYS_EMBED_SWIFT_STANDARD_LIBRARIES = YES;
				CODE_SIGN_STYLE = Automatic;
				INFOPLIST_FILE = "Tests iOS/Info.plist";
				IPHONEOS_DEPLOYMENT_TARGET = 14.0;
				LD_RUNPATH_SEARCH_PATHS = (
					"$(inherited)",
					"@executable_path/Frameworks",
					"@loader_path/Frameworks",
				);
				PRODUCT_BUNDLE_IDENTIFIER = "swiftUI.app.Tests-iOS";
				PRODUCT_NAME = "$(TARGET_NAME)";
				SDKROOT = iphoneos;
				SWIFT_VERSION = 5.0;
				TARGETED_DEVICE_FAMILY = "1,2";
				TEST_TARGET_NAME = "SwiftUI2 (iOS)";
			};
			name = Debug;
		};
		1876FFE724B7B6CE00B08E2B /* Release */ = {
			isa = XCBuildConfiguration;
			buildSettings = {
				ALWAYS_EMBED_SWIFT_STANDARD_LIBRARIES = YES;
				CODE_SIGN_STYLE = Automatic;
				INFOPLIST_FILE = "Tests iOS/Info.plist";
				IPHONEOS_DEPLOYMENT_TARGET = 14.0;
				LD_RUNPATH_SEARCH_PATHS = (
					"$(inherited)",
					"@executable_path/Frameworks",
					"@loader_path/Frameworks",
				);
				PRODUCT_BUNDLE_IDENTIFIER = "swiftUI.app.Tests-iOS";
				PRODUCT_NAME = "$(TARGET_NAME)";
				SDKROOT = iphoneos;
				SWIFT_VERSION = 5.0;
				TARGETED_DEVICE_FAMILY = "1,2";
				TEST_TARGET_NAME = "SwiftUI2 (iOS)";
				VALIDATE_PRODUCT = YES;
			};
			name = Release;
		};
		1876FFE924B7B6CE00B08E2B /* Debug */ = {
			isa = XCBuildConfiguration;
			buildSettings = {
				ALWAYS_EMBED_SWIFT_STANDARD_LIBRARIES = YES;
				CODE_SIGN_STYLE = Automatic;
				COMBINE_HIDPI_IMAGES = YES;
				INFOPLIST_FILE = "Tests macOS/Info.plist";
				LD_RUNPATH_SEARCH_PATHS = (
					"$(inherited)",
					"@executable_path/../Frameworks",
					"@loader_path/../Frameworks",
				);
				MACOSX_DEPLOYMENT_TARGET = 10.16;
				PRODUCT_BUNDLE_IDENTIFIER = "swiftUI.app.Tests-macOS";
				PRODUCT_NAME = "$(TARGET_NAME)";
				SDKROOT = macosx;
				SWIFT_VERSION = 5.0;
				TEST_TARGET_NAME = "SwiftUI2 (macOS)";
			};
			name = Debug;
		};
		1876FFEA24B7B6CE00B08E2B /* Release */ = {
			isa = XCBuildConfiguration;
			buildSettings = {
				ALWAYS_EMBED_SWIFT_STANDARD_LIBRARIES = YES;
				CODE_SIGN_STYLE = Automatic;
				COMBINE_HIDPI_IMAGES = YES;
				INFOPLIST_FILE = "Tests macOS/Info.plist";
				LD_RUNPATH_SEARCH_PATHS = (
					"$(inherited)",
					"@executable_path/../Frameworks",
					"@loader_path/../Frameworks",
				);
				MACOSX_DEPLOYMENT_TARGET = 10.16;
				PRODUCT_BUNDLE_IDENTIFIER = "swiftUI.app.Tests-macOS";
				PRODUCT_NAME = "$(TARGET_NAME)";
				SDKROOT = macosx;
				SWIFT_VERSION = 5.0;
				TEST_TARGET_NAME = "SwiftUI2 (macOS)";
			};
			name = Release;
		};
/* End XCBuildConfiguration section */

/* Begin XCConfigurationList section */
		1876FFAC24B7B6CD00B08E2B /* Build configuration list for PBXProject "SwiftUI2" */ = {
			isa = XCConfigurationList;
			buildConfigurations = (
				1876FFDD24B7B6CE00B08E2B /* Debug */,
				1876FFDE24B7B6CE00B08E2B /* Release */,
			);
			defaultConfigurationIsVisible = 0;
			defaultConfigurationName = Release;
		};
		1876FFDF24B7B6CE00B08E2B /* Build configuration list for PBXNativeTarget "SwiftUI2 (iOS)" */ = {
			isa = XCConfigurationList;
			buildConfigurations = (
				1876FFE024B7B6CE00B08E2B /* Debug */,
				1876FFE124B7B6CE00B08E2B /* Release */,
			);
			defaultConfigurationIsVisible = 0;
			defaultConfigurationName = Release;
		};
		1876FFE224B7B6CE00B08E2B /* Build configuration list for PBXNativeTarget "SwiftUI2 (macOS)" */ = {
			isa = XCConfigurationList;
			buildConfigurations = (
				1876FFE324B7B6CE00B08E2B /* Debug */,
				1876FFE424B7B6CE00B08E2B /* Release */,
			);
			defaultConfigurationIsVisible = 0;
			defaultConfigurationName = Release;
		};
		1876FFE524B7B6CE00B08E2B /* Build configuration list for PBXNativeTarget "Tests iOS" */ = {
			isa = XCConfigurationList;
			buildConfigurations = (
				1876FFE624B7B6CE00B08E2B /* Debug */,
				1876FFE724B7B6CE00B08E2B /* Release */,
			);
			defaultConfigurationIsVisible = 0;
			defaultConfigurationName = Release;
		};
		1876FFE824B7B6CE00B08E2B /* Build configuration list for PBXNativeTarget "Tests macOS" */ = {
			isa = XCConfigurationList;
			buildConfigurations = (
				1876FFE924B7B6CE00B08E2B /* Debug */,
				1876FFEA24B7B6CE00B08E2B /* Release */,
			);
			defaultConfigurationIsVisible = 0;
			defaultConfigurationName = Release;
		};
/* End XCConfigurationList section */
	};
	rootObject = 1876FFA924B7B6CD00B08E2B /* Project object */;
}
